
Microsoft Visual Studio Solution File, Format Version 12.00
# Visual Studio Version 17
VisualStudioVersion = 17.0.31903.59
MinimumVisualStudioVersion = 10.0.40219.1
Project("{FAE04EC0-301F-11D3-BF4B-00C04F79EFBC}") = "StatusApi", "StatusApi\StatusApi.csproj", "{3EAC9189-5235-44E3-8069-806AD0FA1D1C}"
EndProject
Global
	GlobalSection(SolutionConfigurationPlatforms) = preSolution
		Debug|Any CPU = Debug|Any CPU
		Release|Any CPU = Release|Any CPU
	EndGlobalSection
	GlobalSection(ProjectConfigurationPlatforms) = postSolution
		{3EAC9189-5235-44E3-8069-806AD0FA1D1C}.Debug|Any CPU.ActiveCfg = Debug|Any CPU
		{3EAC9189-5235-44E3-8069-806AD0FA1D1C}.Debug|Any CPU.Build.0 = Debug|Any CPU
		{3EAC9189-5235-44E3-8069-806AD0FA1D1C}.Release|Any CPU.ActiveCfg = Release|Any CPU
		{3EAC9189-5235-44E3-8069-806AD0FA1D1C}.Release|Any CPU.Build.0 = Release|Any CPU
	EndGlobalSection
	GlobalSection(SolutionProperties) = preSolution
		HideSolutionNode = FALSE
	EndGlobalSection
	GlobalSection(ExtensibilityGlobals) = postSolution
		SolutionGuid = {DC180288-CC6C-4CD2-9C2C-CD6D7C41764C}
	EndGlobalSection
EndGlobal
